{
  "version": 4,
  "terraform_version": "1.2.0",
  "serial": 156,
  "lineage": "9a67c4fb-e4c4-a11c-f63d-77ab261f849f",
  "outputs": {},
  "resources": [
    {
      "mode": "managed",
      "type": "random_id",
      "name": "random_id_prefix",
      "provider": "provider[\"registry.terraform.io/hashicorp/random\"]",
      "instances": [
        {
          "schema_version": 0,
          "attributes": {
            "b64_std": "i+U=",
            "b64_url": "i-U",
            "byte_length": 2,
            "dec": "35813",
            "hex": "8be5",
            "id": "i-U",
            "keepers": null,
            "prefix": null
          },
          "sensitive_attributes": [],
          "private": "bnVsbA=="
        }
      ]
    },
    {
      "module": "module.auth",
      "mode": "managed",
      "type": "aws_key_pair",
      "name": "demo_auth",
      "provider": "provider[\"registry.terraform.io/hashicorp/aws\"]",
      "instances": [
        {
          "schema_version": 1,
          "attributes": {
            "arn": "arn:aws:ec2:us-east-1:583334342639:key-pair/mtckey",
            "fingerprint": "zL9Up7vPMXTuZl4KjQ/qnkIkRDuFDkZmTdkeaTJW4pU=",
            "id": "mtckey",
            "key_name": "mtckey",
            "key_name_prefix": "",
            "key_pair_id": "key-0283284fd65328cb1",
            "public_key": "ssh-ed25519 AAAAC3NzaC1lZDI1NTE5AAAAIOIL7QiSHFbQu8jimtmgbiIwQlfq3wpOx/aMyMtg9G6n benjamin@DESKTOP-L3HKNRR",
            "tags": {},
            "tags_all": {}
          },
          "sensitive_attributes": [],
          "private": "eyJzY2hlbWFfdmVyc2lvbiI6IjEifQ=="
        }
      ]
    },
    {
      "module": "module.auth",
      "mode": "managed",
      "type": "aws_key_pair",
      "name": "key_pair",
      "provider": "provider[\"registry.terraform.io/hashicorp/aws\"]",
      "instances": [
        {
          "schema_version": 1,
          "attributes": {
            "arn": "arn:aws:ec2:us-east-1:583334342639:key-pair/dev-key-pair",
            "fingerprint": "45:df:44:6c:43:5e:f9:da:aa:20:96:3c:db:c9:a6:dc",
            "id": "dev-key-pair",
            "key_name": "dev-key-pair",
            "key_name_prefix": "",
            "key_pair_id": "key-09f922ad38b34aead",
            "public_key": "ssh-rsa AAAAB3NzaC1yc2EAAAADAQABAAACAQC/vztbwveYCUz0j28vcg7pPY3k02AJdxvBau/Cig2PKHdm73xlsn8GrZGS6hWpMVdF6PVAsgovscp8E7aXrzi+mrRNEDWbT1eZF2ipvZWNZW0gTLDz7aGAp/E8wlz/ZifHlEaw7U2/uLEW2xzzAFPBV8NIUPgZywzxNy9LJScfx0yHAMznzBkxxT3EZUPxDGXctf8HZtv23QUaONRVrMP574DhPyP8jCoTwNzN0UlpnHg/e5rfMISooOuw2LfPAliJGoaFNomNpaWTmiNmi/VIeg64RptPowJVQMCcJ6Qzv5ZH+WuGERZve/DcAPrqN01Vr25VAjtV2qrtswNmnsZJFo2mJUKgEM4+fiHDliwtToVnprAV5+jezOBtu7wGoQn+mlLfgHt+5AA8R9TkCnLfEPSdOczNCV4/MuWf1olWmSJ6B8/o7Qu/C/scSNVjo+oCvqiM+MYW9+f6Iq9sv+prVq4hBogcDMKUJ4KK/Jna0B0WoelSQDbg3D9Ud+mCS3YA4Vn8M8RnJrjRtOQ9n9CbqE869KgvAAB2CUQ3YNS7G4Ju866O9WCUVN29cZsJgoqIou/81VrSxrIyv2WDWrZcdGgP/nJVSoBnugc0VIkwbxxOTJ46QD32T/9mGHo7oi4u19s7C9zjbWHBgFCq+ahcyd09KpjonrrKaY/4yIcDvw==",
            "tags": {},
            "tags_all": {}
          },
          "sensitive_attributes": [],
          "private": "eyJzY2hlbWFfdmVyc2lvbiI6IjEifQ==",
          "dependencies": [
            "module.auth.tls_private_key.key_pair"
          ]
        }
      ]
    },
    {
      "module": "module.auth",
      "mode": "managed",
      "type": "local_file",
      "name": "ssh_key",
      "provider": "provider[\"registry.terraform.io/hashicorp/local\"]",
      "instances": [
        {
          "schema_version": 0,
          "attributes": {
            "content": "-----BEGIN RSA PRIVATE KEY-----\nMIIJKQIBAAKCAgEAv787W8L3mAlM9I9vL3IO6T2N5NNgCXcbwWrvwooNjyh3Zu98\nZbJ/Bq2RkuoVqTFXRej1QLIKL7HKfBO2l684vpq0TRA1m09XmRdoqb2VjWVtIEyw\n8+2hgKfxPMJc/2Ynx5RGsO1Nv7ixFtsc8wBTwVfDSFD4GcsM8TcvSyUnH8dMhwDM\n58wZMcU9xGVD8Qxl3LX/B2bb9t0FGjjUVazD+e+A4T8j/IwqE8DczdFJaZx4P3ua\n3zCEqKDrsNi3zwJYiRqGhTaJjaWlk5ojZov1SHoOuEabT6MCVUDAnCekM7+WR/lr\nhhEWb3vw3AD66jdNVa9uVQI7Vdqq7bMDZp7GSRaNpiVCoBDOPn4hw5YsLU6FZ6aw\nFefo3szgbbu8BqEJ/ppS34B7fuQAPEfU5Apy3xD0nTnMzQlePzLln9aJVpkiegfP\n6O0Lvwv7HEjVY6PqAr6ojPjGFvfn+iKvbL/qa1auIQaIHAzClCeCivyZ2tAdFqHp\nUkA24Nw/VHfpgkt2AOFZ/DPEZya40bTkPZ/Qm6hPOvSoLwAAdglEN2DUuxuCbvOu\njvVglFTdvXGbCYKKiKLv/NVa0sayMr9lg1q2XHRoD/5yVUqAZ7oHNFSJMG8cTkye\nOkA99k//Zhh6O6IuLtfbOwvc421hwYBQqvmoXMndPSqY6J66ymmP+MiHA78CAwEA\nAQKCAgEAksiYbwlUMk3EXF7E1YQxx/j3+1iYZwaH98ud2MWH1bQ7m0/vYYZ/2SPb\nkaSiik+cKIdJ34mrZJFsmQkaOQnInZieN3QWJVtainYyB+Z6arBfFl+/AixB+tQV\nRtbfDCAuiYiHiP9QClkfL4jyo073zsUZV+2rz0ryEGGXUaYSSjBt89b4BOXnz4LX\nYtXGaet8urWTkh36ewL82fLxENjdeSIP/d4w9S5zM4XrQZ9Z3IAMSUSc7QgeNVxi\nsJFmPBDmp6Xnnmh+ajGJC/Ht8Z1oWmAdjpF2aUM3EP4ttBxghcC/ET/tQMcp7pPp\ncPFLIyrMh7Bw/KBlvbZULPxhuRgIXy1mRwWP18xevCxWYPcFHaRWJQPM8PH6Aguv\ngBBkGIlLT0oCn0mi5ANTNsV88C869Vo8SKiXG+RlNJSfhHjOhgGhMiW72yxkWZjw\nZkBuWA+yVtpSZtzWGOfSroc1cm9vd6QEm5jlc1wm4cmtXXFiAnVMSeQvmZE1uKFw\noBgH/55nDFAnFJixXj/tl2x0MnhfZa7cOBOyPPwhW+6PGPtsvC3SFV2pR9Rh1AeI\nLOelCZTA26LFoBVl0B0fVql2+9LTHmAxXkM38abXF/MzUu4E/AMBPjcdED2wox+R\nJwrrkthS85iqbSKgWT1Oy9/ShcTSdMh/yLJR4FG/Wh2cJVOIjUkCggEBANSh/IJP\nL7Di+q8yPoji73a/Go0p8nOThvXA7noG6tMbMz8jR2RFRaA/WoAIPBZA8g/t74YA\na8zPZ3apfGYGuftPinFNZsDy8r9AaaXkBwPsxrYWZcTn5T/8IahWHJoq1Cr98GxA\n+djMtfSS+2jzdw+qUtbqkD6ie6sftLRYWCg/22/GZmd421hDVMfuzVdUeYsCvj63\ndKz3uXHJ+0WqMxCDS2BUwgDSp/AD8KrHKMdskuDziEnLW+NhTSZ0TAvFuq9VM2ME\nu/eciI58myAkfsecggkIltHQHGDILHrb28h2d28Qf7AiimjaMQ4o0XmN3nrgsBAn\n92cvkaGcOjPeVKUCggEBAObawUx+5TYZZrSoosdL3Gs28p+B1pJZFqOP4aNnaMxB\nOKPlPtya5x1Fvejd48XI5eEr5LiKPZdcaEBQZqa7aVaRbtiIx73uTWh5FJ2FScE4\nrHWEu2FWukdZ/zf1A+Mtqq0Om6kytLsE0w6Ky9I2Zn2IN0AhpYil51ToZ4smig1M\nALfW4vpzHkY95EbLbZNmKmZmvGySRG2wbEuS6f68K82B0xnz97KaYdo1O+E8FHvu\nuMlvUacE0zpKRP1CUqUQhJsirY6ITBRU6LSkCPahS0m8Hc3eIaOVyVGe82GLwCUg\njYsP2DWBfliY4xzKKPlZTiDqfdXXikAc78vtA6XpdZMCggEANy6SyX6jcdR2GmF/\nuSar3rVZvqjUMwpmTAD14tVIu+CjPA97x5nyp9PJONDqRxwztc6aCryxPUXWJAV4\nM0IrofzSgPUFZa2nMdsVj+fNqkcYisjlQGSuKhzU30r5wUi8Jywf6Pgz3v/BeOds\nN6B3lakuNnhJVvf0AEUKMIN83XU1DZz/lnrW8eEHb5uZzsAtitX7aWtS7FCd39n7\nS+kPt4lbVnSopG4HB1L+clOdUaPrulV5WS1de3UVAJXN5oA6IqaJ33irD2egSNot\np/nQrR0A4jdIbMsFklhgssG8GBomhLxTZvKP2QZHFNWjB1i6FEmbZ5X3rt+5e6d/\ns1ZPwQKCAQEAs38R3zWnaQoVFpEsiAOPLfn6alWdDguhE6oTCmekT3TC4oSj/Qmg\ne903TXIB4U5Ul2D2pRovy5m5IZCiUC/WNs47vreTfzVkEMBcbCIv98HmLjX3MDcr\n/cCXNd4XmLNwSsDZ/ZQEfInCxULcOeW8iQy50O6YdAhzN0zA/awImVAoGslFkPCj\ncIA9F2KjH4HHo/lrtouAEz2i5pwjvsJ22IKCLmLIjKGHRhAwL+/0CWzTVyRr+44/\n4snOnJDOC7QtNyaehf2qEgD3M0V8Bq/hB0LydZiq1TPo5cLOgGEWFIgcJi06sleu\ncprltAPoGgD7Q5KwJu5Be5pERW5TcNR2awKCAQBPqtIGToFyXj5XcBNYrgIE5z0K\nx4okOGmPstIbzlilfgdGPN8Jte427+CGizKrF9uw5c3CRxHqse/gmHmZdBWsOxP4\n6Jyn0BnkouvdCv3gChSKN6FrhfbbPwETyX9yyqRl1zlgYB2SLOgTSz7QfEDXo+jF\ncT0mNDQvPBd5hPpfk/5AhRefD5eD2im41B1AQ1AdP0aZbVGBrY9xRGlcRC1OSCgH\nfxzt0mM9FpzK5nupqypFFrtxszbtPbAWvmVXCfaSq4E5UUk75WrUcKCHuO18NVOz\n5ynTeZuW0qRaYVbW6vj3nfEbz+62bYcXa18ctgQPjnYeVZkfbAVUf3J6jutE\n-----END RSA PRIVATE KEY-----\n",
            "content_base64": null,
            "directory_permission": "0777",
            "file_permission": "0777",
            "filename": "dev-key-pair.pem",
            "id": "d55487d8df46f035b1037136f699afa4eab86286",
            "sensitive_content": null,
            "source": null
          },
          "sensitive_attributes": [
            [
              {
                "type": "get_attr",
                "value": "content"
              }
            ]
          ],
          "private": "bnVsbA==",
          "dependencies": [
            "module.auth.aws_key_pair.key_pair",
            "module.auth.tls_private_key.key_pair"
          ]
        }
      ]
    },
    {
      "module": "module.auth",
      "mode": "managed",
      "type": "tls_private_key",
      "name": "key_pair",
      "provider": "provider[\"registry.terraform.io/hashicorp/tls\"]",
      "instances": [
        {
          "schema_version": 0,
          "attributes": {
            "algorithm": "RSA",
            "ecdsa_curve": "P224",
            "id": "9629021bc2c4d4f91dc35cbb297b93ae332141ee",
            "private_key_openssh": "-----BEGIN OPENSSH PRIVATE KEY-----\nb3BlbnNzaC1rZXktdjEAAAAABG5vbmUAAAAEbm9uZQAAAAAAAAABAAACFwAAAAdz\nc2gtcnNhAAAAAwEAAQAAAgEAv787W8L3mAlM9I9vL3IO6T2N5NNgCXcbwWrvwooN\njyh3Zu98ZbJ/Bq2RkuoVqTFXRej1QLIKL7HKfBO2l684vpq0TRA1m09XmRdoqb2V\njWVtIEyw8+2hgKfxPMJc/2Ynx5RGsO1Nv7ixFtsc8wBTwVfDSFD4GcsM8TcvSyUn\nH8dMhwDM58wZMcU9xGVD8Qxl3LX/B2bb9t0FGjjUVazD+e+A4T8j/IwqE8DczdFJ\naZx4P3ua3zCEqKDrsNi3zwJYiRqGhTaJjaWlk5ojZov1SHoOuEabT6MCVUDAnCek\nM7+WR/lrhhEWb3vw3AD66jdNVa9uVQI7Vdqq7bMDZp7GSRaNpiVCoBDOPn4hw5Ys\nLU6FZ6awFefo3szgbbu8BqEJ/ppS34B7fuQAPEfU5Apy3xD0nTnMzQlePzLln9aJ\nVpkiegfP6O0Lvwv7HEjVY6PqAr6ojPjGFvfn+iKvbL/qa1auIQaIHAzClCeCivyZ\n2tAdFqHpUkA24Nw/VHfpgkt2AOFZ/DPEZya40bTkPZ/Qm6hPOvSoLwAAdglEN2DU\nuxuCbvOujvVglFTdvXGbCYKKiKLv/NVa0sayMr9lg1q2XHRoD/5yVUqAZ7oHNFSJ\nMG8cTkyeOkA99k//Zhh6O6IuLtfbOwvc421hwYBQqvmoXMndPSqY6J66ymmP+MiH\nA78AAAc4KdaOSCnWjkgAAAAHc3NoLXJzYQAAAgEAv787W8L3mAlM9I9vL3IO6T2N\n5NNgCXcbwWrvwooNjyh3Zu98ZbJ/Bq2RkuoVqTFXRej1QLIKL7HKfBO2l684vpq0\nTRA1m09XmRdoqb2VjWVtIEyw8+2hgKfxPMJc/2Ynx5RGsO1Nv7ixFtsc8wBTwVfD\nSFD4GcsM8TcvSyUnH8dMhwDM58wZMcU9xGVD8Qxl3LX/B2bb9t0FGjjUVazD+e+A\n4T8j/IwqE8DczdFJaZx4P3ua3zCEqKDrsNi3zwJYiRqGhTaJjaWlk5ojZov1SHoO\nuEabT6MCVUDAnCekM7+WR/lrhhEWb3vw3AD66jdNVa9uVQI7Vdqq7bMDZp7GSRaN\npiVCoBDOPn4hw5YsLU6FZ6awFefo3szgbbu8BqEJ/ppS34B7fuQAPEfU5Apy3xD0\nnTnMzQlePzLln9aJVpkiegfP6O0Lvwv7HEjVY6PqAr6ojPjGFvfn+iKvbL/qa1au\nIQaIHAzClCeCivyZ2tAdFqHpUkA24Nw/VHfpgkt2AOFZ/DPEZya40bTkPZ/Qm6hP\nOvSoLwAAdglEN2DUuxuCbvOujvVglFTdvXGbCYKKiKLv/NVa0sayMr9lg1q2XHRo\nD/5yVUqAZ7oHNFSJMG8cTkyeOkA99k//Zhh6O6IuLtfbOwvc421hwYBQqvmoXMnd\nPSqY6J66ymmP+MiHA78AAAADAQABAAACAQCSyJhvCVQyTcRcXsTVhDHH+Pf7WJhn\nBof3y53YxYfVtDubT+9hhn/ZI9uRpKKKT5woh0nfiatkkWyZCRo5CcidmJ43dBYl\nW1qKdjIH5npqsF8WX78CLEH61BVG1t8MIC6JiIeI/1AKWR8viPKjTvfOxRlX7avP\nSvIQYZdRphJKMG3z1vgE5efPgtdi1cZp63y6tZOSHfp7AvzZ8vEQ2N15Ig/93jD1\nLnMzhetBn1ncgAxJRJztCB41XGKwkWY8EOanpeeeaH5qMYkL8e3xnWhaYB2OkXZp\nQzcQ/i20HGCFwL8RP+1Axynuk+lw8UsjKsyHsHD8oGW9tlQs/GG5GAhfLWZHBY/X\nzF68LFZg9wUdpFYlA8zw8foCC6+AEGQYiUtPSgKfSaLkA1M2xXzwLzr1WjxIqJcb\n5GU0lJ+EeM6GAaEyJbvbLGRZmPBmQG5YD7JW2lJm3NYY59KuhzVyb293pASbmOVz\nXCbhya1dcWICdUxJ5C+ZkTW4oXCgGAf/nmcMUCcUmLFeP+2XbHQyeF9lrtw4E7I8\n/CFb7o8Y+2y8LdIVXalH1GHUB4gs56UJlMDbosWgFWXQHR9WqXb70tMeYDFeQzfx\nptcX8zNS7gT8AwE+Nx0QPbCjH5EnCuuS2FLzmKptIqBZPU7L39KFxNJ0yH/IslHg\nUb9aHZwlU4iNSQAAAQBPqtIGToFyXj5XcBNYrgIE5z0Kx4okOGmPstIbzlilfgdG\nPN8Jte427+CGizKrF9uw5c3CRxHqse/gmHmZdBWsOxP46Jyn0BnkouvdCv3gChSK\nN6FrhfbbPwETyX9yyqRl1zlgYB2SLOgTSz7QfEDXo+jFcT0mNDQvPBd5hPpfk/5A\nhRefD5eD2im41B1AQ1AdP0aZbVGBrY9xRGlcRC1OSCgHfxzt0mM9FpzK5nupqypF\nFrtxszbtPbAWvmVXCfaSq4E5UUk75WrUcKCHuO18NVOz5ynTeZuW0qRaYVbW6vj3\nnfEbz+62bYcXa18ctgQPjnYeVZkfbAVUf3J6jutEAAABAQDUofyCTy+w4vqvMj6I\n4u92vxqNKfJzk4b1wO56BurTGzM/I0dkRUWgP1qACDwWQPIP7e+GAGvMz2d2qXxm\nBrn7T4pxTWbA8vK/QGml5AcD7Ma2FmXE5+U//CGoVhyaKtQq/fBsQPnYzLX0kvto\n83cPqlLW6pA+onurH7S0WFgoP9tvxmZneNtYQ1TH7s1XVHmLAr4+t3Ss97lxyftF\nqjMQg0tgVMIA0qfwA/CqxyjHbJLg84hJy1vjYU0mdEwLxbqvVTNjBLv3nIiOfJsg\nJH7HnIIJCJbR0BxgyCx629vIdndvEH+wIopo2jEOKNF5jd564LAQJ/dnL5GhnDoz\n3lSlAAABAQDm2sFMfuU2GWa0qKLHS9xrNvKfgdaSWRajj+GjZ2jMQTij5T7cmucd\nRb3o3ePFyOXhK+S4ij2XXGhAUGamu2lWkW7YiMe97k1oeRSdhUnBOKx1hLthVrpH\nWf839QPjLaqtDpupMrS7BNMOisvSNmZ9iDdAIaWIpedU6GeLJooNTAC31uL6cx5G\nPeRGy22TZipmZrxskkRtsGxLkun+vCvNgdMZ8/eymmHaNTvhPBR77rjJb1GnBNM6\nSkT9QlKlEISbIq2OiEwUVOi0pAj2oUtJvB3N3iGjlclRnvNhi8AlII2LD9g1gX5Y\nmOMcyij5WU4g6n3V14pAHO/L7QOl6XWTAAAAAAEC\n-----END OPENSSH PRIVATE KEY-----\n",
            "private_key_pem": "-----BEGIN RSA PRIVATE KEY-----\nMIIJKQIBAAKCAgEAv787W8L3mAlM9I9vL3IO6T2N5NNgCXcbwWrvwooNjyh3Zu98\nZbJ/Bq2RkuoVqTFXRej1QLIKL7HKfBO2l684vpq0TRA1m09XmRdoqb2VjWVtIEyw\n8+2hgKfxPMJc/2Ynx5RGsO1Nv7ixFtsc8wBTwVfDSFD4GcsM8TcvSyUnH8dMhwDM\n58wZMcU9xGVD8Qxl3LX/B2bb9t0FGjjUVazD+e+A4T8j/IwqE8DczdFJaZx4P3ua\n3zCEqKDrsNi3zwJYiRqGhTaJjaWlk5ojZov1SHoOuEabT6MCVUDAnCekM7+WR/lr\nhhEWb3vw3AD66jdNVa9uVQI7Vdqq7bMDZp7GSRaNpiVCoBDOPn4hw5YsLU6FZ6aw\nFefo3szgbbu8BqEJ/ppS34B7fuQAPEfU5Apy3xD0nTnMzQlePzLln9aJVpkiegfP\n6O0Lvwv7HEjVY6PqAr6ojPjGFvfn+iKvbL/qa1auIQaIHAzClCeCivyZ2tAdFqHp\nUkA24Nw/VHfpgkt2AOFZ/DPEZya40bTkPZ/Qm6hPOvSoLwAAdglEN2DUuxuCbvOu\njvVglFTdvXGbCYKKiKLv/NVa0sayMr9lg1q2XHRoD/5yVUqAZ7oHNFSJMG8cTkye\nOkA99k//Zhh6O6IuLtfbOwvc421hwYBQqvmoXMndPSqY6J66ymmP+MiHA78CAwEA\nAQKCAgEAksiYbwlUMk3EXF7E1YQxx/j3+1iYZwaH98ud2MWH1bQ7m0/vYYZ/2SPb\nkaSiik+cKIdJ34mrZJFsmQkaOQnInZieN3QWJVtainYyB+Z6arBfFl+/AixB+tQV\nRtbfDCAuiYiHiP9QClkfL4jyo073zsUZV+2rz0ryEGGXUaYSSjBt89b4BOXnz4LX\nYtXGaet8urWTkh36ewL82fLxENjdeSIP/d4w9S5zM4XrQZ9Z3IAMSUSc7QgeNVxi\nsJFmPBDmp6Xnnmh+ajGJC/Ht8Z1oWmAdjpF2aUM3EP4ttBxghcC/ET/tQMcp7pPp\ncPFLIyrMh7Bw/KBlvbZULPxhuRgIXy1mRwWP18xevCxWYPcFHaRWJQPM8PH6Aguv\ngBBkGIlLT0oCn0mi5ANTNsV88C869Vo8SKiXG+RlNJSfhHjOhgGhMiW72yxkWZjw\nZkBuWA+yVtpSZtzWGOfSroc1cm9vd6QEm5jlc1wm4cmtXXFiAnVMSeQvmZE1uKFw\noBgH/55nDFAnFJixXj/tl2x0MnhfZa7cOBOyPPwhW+6PGPtsvC3SFV2pR9Rh1AeI\nLOelCZTA26LFoBVl0B0fVql2+9LTHmAxXkM38abXF/MzUu4E/AMBPjcdED2wox+R\nJwrrkthS85iqbSKgWT1Oy9/ShcTSdMh/yLJR4FG/Wh2cJVOIjUkCggEBANSh/IJP\nL7Di+q8yPoji73a/Go0p8nOThvXA7noG6tMbMz8jR2RFRaA/WoAIPBZA8g/t74YA\na8zPZ3apfGYGuftPinFNZsDy8r9AaaXkBwPsxrYWZcTn5T/8IahWHJoq1Cr98GxA\n+djMtfSS+2jzdw+qUtbqkD6ie6sftLRYWCg/22/GZmd421hDVMfuzVdUeYsCvj63\ndKz3uXHJ+0WqMxCDS2BUwgDSp/AD8KrHKMdskuDziEnLW+NhTSZ0TAvFuq9VM2ME\nu/eciI58myAkfsecggkIltHQHGDILHrb28h2d28Qf7AiimjaMQ4o0XmN3nrgsBAn\n92cvkaGcOjPeVKUCggEBAObawUx+5TYZZrSoosdL3Gs28p+B1pJZFqOP4aNnaMxB\nOKPlPtya5x1Fvejd48XI5eEr5LiKPZdcaEBQZqa7aVaRbtiIx73uTWh5FJ2FScE4\nrHWEu2FWukdZ/zf1A+Mtqq0Om6kytLsE0w6Ky9I2Zn2IN0AhpYil51ToZ4smig1M\nALfW4vpzHkY95EbLbZNmKmZmvGySRG2wbEuS6f68K82B0xnz97KaYdo1O+E8FHvu\nuMlvUacE0zpKRP1CUqUQhJsirY6ITBRU6LSkCPahS0m8Hc3eIaOVyVGe82GLwCUg\njYsP2DWBfliY4xzKKPlZTiDqfdXXikAc78vtA6XpdZMCggEANy6SyX6jcdR2GmF/\nuSar3rVZvqjUMwpmTAD14tVIu+CjPA97x5nyp9PJONDqRxwztc6aCryxPUXWJAV4\nM0IrofzSgPUFZa2nMdsVj+fNqkcYisjlQGSuKhzU30r5wUi8Jywf6Pgz3v/BeOds\nN6B3lakuNnhJVvf0AEUKMIN83XU1DZz/lnrW8eEHb5uZzsAtitX7aWtS7FCd39n7\nS+kPt4lbVnSopG4HB1L+clOdUaPrulV5WS1de3UVAJXN5oA6IqaJ33irD2egSNot\np/nQrR0A4jdIbMsFklhgssG8GBomhLxTZvKP2QZHFNWjB1i6FEmbZ5X3rt+5e6d/\ns1ZPwQKCAQEAs38R3zWnaQoVFpEsiAOPLfn6alWdDguhE6oTCmekT3TC4oSj/Qmg\ne903TXIB4U5Ul2D2pRovy5m5IZCiUC/WNs47vreTfzVkEMBcbCIv98HmLjX3MDcr\n/cCXNd4XmLNwSsDZ/ZQEfInCxULcOeW8iQy50O6YdAhzN0zA/awImVAoGslFkPCj\ncIA9F2KjH4HHo/lrtouAEz2i5pwjvsJ22IKCLmLIjKGHRhAwL+/0CWzTVyRr+44/\n4snOnJDOC7QtNyaehf2qEgD3M0V8Bq/hB0LydZiq1TPo5cLOgGEWFIgcJi06sleu\ncprltAPoGgD7Q5KwJu5Be5pERW5TcNR2awKCAQBPqtIGToFyXj5XcBNYrgIE5z0K\nx4okOGmPstIbzlilfgdGPN8Jte427+CGizKrF9uw5c3CRxHqse/gmHmZdBWsOxP4\n6Jyn0BnkouvdCv3gChSKN6FrhfbbPwETyX9yyqRl1zlgYB2SLOgTSz7QfEDXo+jF\ncT0mNDQvPBd5hPpfk/5AhRefD5eD2im41B1AQ1AdP0aZbVGBrY9xRGlcRC1OSCgH\nfxzt0mM9FpzK5nupqypFFrtxszbtPbAWvmVXCfaSq4E5UUk75WrUcKCHuO18NVOz\n5ynTeZuW0qRaYVbW6vj3nfEbz+62bYcXa18ctgQPjnYeVZkfbAVUf3J6jutE\n-----END RSA PRIVATE KEY-----\n",
            "public_key_fingerprint_md5": "ce:96:36:c8:16:01:d4:d7:ac:1f:bc:60:57:ff:43:c4",
            "public_key_fingerprint_sha256": "SHA256:kX1YUFMhdM0bdige36Z48cH/iMSxONv65RvjAAqI+6Y",
            "public_key_openssh": "ssh-rsa AAAAB3NzaC1yc2EAAAADAQABAAACAQC/vztbwveYCUz0j28vcg7pPY3k02AJdxvBau/Cig2PKHdm73xlsn8GrZGS6hWpMVdF6PVAsgovscp8E7aXrzi+mrRNEDWbT1eZF2ipvZWNZW0gTLDz7aGAp/E8wlz/ZifHlEaw7U2/uLEW2xzzAFPBV8NIUPgZywzxNy9LJScfx0yHAMznzBkxxT3EZUPxDGXctf8HZtv23QUaONRVrMP574DhPyP8jCoTwNzN0UlpnHg/e5rfMISooOuw2LfPAliJGoaFNomNpaWTmiNmi/VIeg64RptPowJVQMCcJ6Qzv5ZH+WuGERZve/DcAPrqN01Vr25VAjtV2qrtswNmnsZJFo2mJUKgEM4+fiHDliwtToVnprAV5+jezOBtu7wGoQn+mlLfgHt+5AA8R9TkCnLfEPSdOczNCV4/MuWf1olWmSJ6B8/o7Qu/C/scSNVjo+oCvqiM+MYW9+f6Iq9sv+prVq4hBogcDMKUJ4KK/Jna0B0WoelSQDbg3D9Ud+mCS3YA4Vn8M8RnJrjRtOQ9n9CbqE869KgvAAB2CUQ3YNS7G4Ju866O9WCUVN29cZsJgoqIou/81VrSxrIyv2WDWrZcdGgP/nJVSoBnugc0VIkwbxxOTJ46QD32T/9mGHo7oi4u19s7C9zjbWHBgFCq+ahcyd09KpjonrrKaY/4yIcDvw==\n",
            "public_key_pem": "-----BEGIN PUBLIC KEY-----\nMIICIjANBgkqhkiG9w0BAQEFAAOCAg8AMIICCgKCAgEAv787W8L3mAlM9I9vL3IO\n6T2N5NNgCXcbwWrvwooNjyh3Zu98ZbJ/Bq2RkuoVqTFXRej1QLIKL7HKfBO2l684\nvpq0TRA1m09XmRdoqb2VjWVtIEyw8+2hgKfxPMJc/2Ynx5RGsO1Nv7ixFtsc8wBT\nwVfDSFD4GcsM8TcvSyUnH8dMhwDM58wZMcU9xGVD8Qxl3LX/B2bb9t0FGjjUVazD\n+e+A4T8j/IwqE8DczdFJaZx4P3ua3zCEqKDrsNi3zwJYiRqGhTaJjaWlk5ojZov1\nSHoOuEabT6MCVUDAnCekM7+WR/lrhhEWb3vw3AD66jdNVa9uVQI7Vdqq7bMDZp7G\nSRaNpiVCoBDOPn4hw5YsLU6FZ6awFefo3szgbbu8BqEJ/ppS34B7fuQAPEfU5Apy\n3xD0nTnMzQlePzLln9aJVpkiegfP6O0Lvwv7HEjVY6PqAr6ojPjGFvfn+iKvbL/q\na1auIQaIHAzClCeCivyZ2tAdFqHpUkA24Nw/VHfpgkt2AOFZ/DPEZya40bTkPZ/Q\nm6hPOvSoLwAAdglEN2DUuxuCbvOujvVglFTdvXGbCYKKiKLv/NVa0sayMr9lg1q2\nXHRoD/5yVUqAZ7oHNFSJMG8cTkyeOkA99k//Zhh6O6IuLtfbOwvc421hwYBQqvmo\nXMndPSqY6J66ymmP+MiHA78CAwEAAQ==\n-----END PUBLIC KEY-----\n",
            "rsa_bits": 4096
          },
          "sensitive_attributes": [],
          "private": "bnVsbA=="
        }
      ]
    },
    {
      "module": "module.jenkins",
      "mode": "data",
      "type": "aws_ami",
      "name": "server_ami",
      "provider": "provider[\"registry.terraform.io/hashicorp/aws\"]",
      "instances": [
        {
          "schema_version": 0,
          "attributes": {
            "architecture": "x86_64",
            "arn": "arn:aws:ec2:us-east-1::image/ami-0022f774911c1d690",
            "block_device_mappings": [
              {
                "device_name": "/dev/xvda",
                "ebs": {
                  "delete_on_termination": "true",
                  "encrypted": "false",
                  "iops": "0",
                  "snapshot_id": "snap-08cbb15f1c8eb5387",
                  "throughput": "0",
                  "volume_size": "8",
                  "volume_type": "gp2"
                },
                "no_device": "",
                "virtual_name": ""
              }
            ],
            "creation_date": "2022-04-28T21:51:16.000Z",
            "description": "Amazon Linux 2 Kernel 5.10 AMI 2.0.20220426.0 x86_64 HVM gp2",
            "ena_support": true,
            "executable_users": null,
            "filter": [
              {
                "name": "name",
                "values": [
                  "amzn2-ami-kernel-5.10-hvm-2.0.*"
                ]
              }
            ],
            "hypervisor": "xen",
            "id": "ami-0022f774911c1d690",
            "image_id": "ami-0022f774911c1d690",
            "image_location": "amazon/amzn2-ami-kernel-5.10-hvm-2.0.20220426.0-x86_64-gp2",
            "image_owner_alias": "amazon",
            "image_type": "machine",
            "kernel_id": null,
            "most_recent": true,
            "name": "amzn2-ami-kernel-5.10-hvm-2.0.20220426.0-x86_64-gp2",
            "name_regex": null,
            "owner_id": "137112412989",
            "owners": [
              "137112412989"
            ],
            "platform": null,
            "platform_details": "Linux/UNIX",
            "product_codes": [],
            "public": true,
            "ramdisk_id": null,
            "root_device_name": "/dev/xvda",
            "root_device_type": "ebs",
            "root_snapshot_id": "snap-08cbb15f1c8eb5387",
            "sriov_net_support": "simple",
            "state": "available",
            "state_reason": {
              "code": "UNSET",
              "message": "UNSET"
            },
            "tags": {},
            "usage_operation": "RunInstances",
            "virtualization_type": "hvm"
          },
          "sensitive_attributes": []
        }
      ]
    },
    {
      "module": "module.jenkins",
      "mode": "managed",
      "type": "aws_instance",
      "name": "jenkins_agent",
      "provider": "provider[\"registry.terraform.io/hashicorp/aws\"]",
      "instances": [
        {
          "schema_version": 1,
          "attributes": {
            "ami": "ami-0022f774911c1d690",
            "arn": "arn:aws:ec2:us-east-1:583334342639:instance/i-01b1529921165da0a",
            "associate_public_ip_address": true,
            "availability_zone": "us-east-1a",
            "capacity_reservation_specification": [
              {
                "capacity_reservation_preference": "open",
                "capacity_reservation_target": []
              }
            ],
            "cpu_core_count": 1,
            "cpu_threads_per_core": 1,
            "credit_specification": [
              {
                "cpu_credits": "standard"
              }
            ],
            "disable_api_termination": false,
            "ebs_block_device": [],
            "ebs_optimized": false,
            "enclave_options": [
              {
                "enabled": false
              }
            ],
            "ephemeral_block_device": [],
            "get_password_data": false,
            "hibernation": false,
            "host_id": null,
            "iam_instance_profile": "",
            "id": "i-01b1529921165da0a",
            "instance_initiated_shutdown_behavior": "stop",
            "instance_state": "running",
            "instance_type": "t2.micro",
            "ipv6_address_count": 0,
            "ipv6_addresses": [],
            "key_name": "mtckey",
            "launch_template": [],
            "metadata_options": [
              {
                "http_endpoint": "enabled",
                "http_put_response_hop_limit": 1,
                "http_tokens": "optional",
                "instance_metadata_tags": "disabled"
              }
            ],
            "monitoring": false,
            "network_interface": [],
            "outpost_arn": "",
            "password_data": "",
            "placement_group": "",
            "placement_partition_number": null,
            "primary_network_interface_id": "eni-03131ae1694003c5d",
            "private_dns": "ip-10-0-1-186.ec2.internal",
            "private_ip": "10.0.1.186",
            "public_dns": "ec2-34-224-57-75.compute-1.amazonaws.com",
            "public_ip": "34.224.57.75",
            "root_block_device": [
              {
                "delete_on_termination": true,
                "device_name": "/dev/xvda",
                "encrypted": false,
                "iops": 100,
                "kms_key_id": "",
                "tags": {},
                "throughput": 0,
                "volume_id": "vol-03f401493b2ad31cc",
                "volume_size": 8,
                "volume_type": "gp2"
              }
            ],
            "secondary_private_ips": [],
            "security_groups": [],
            "source_dest_check": true,
            "subnet_id": "subnet-05d76696e24c4af1f",
            "tags": {
              "Name": "dev-jenkins_agent"
            },
            "tags_all": {
              "Name": "dev-jenkins_agent"
            },
            "tenancy": "default",
            "timeouts": null,
            "user_data": "f6ea0e3e49ed692f82a3d57225fe3b682be8ac94",
            "user_data_base64": null,
            "volume_tags": null,
            "vpc_security_group_ids": [
              "sg-04937de06917b400b"
            ]
          },
          "sensitive_attributes": [],
          "private": "eyJlMmJmYjczMC1lY2FhLTExZTYtOGY4OC0zNDM2M2JjN2M0YzAiOnsiY3JlYXRlIjo2MDAwMDAwMDAwMDAsImRlbGV0ZSI6MTIwMDAwMDAwMDAwMCwidXBkYXRlIjo2MDAwMDAwMDAwMDB9LCJzY2hlbWFfdmVyc2lvbiI6IjEifQ==",
          "dependencies": [
            "module.auth.aws_key_pair.demo_auth",
            "module.jenkins.aws_security_group.jenkins_agent_sg",
            "module.jenkins.aws_security_group.jenkins_master_sg",
            "module.jenkins.data.aws_ami.server_ami",
            "module.networking.aws_subnet.public_subnet",
            "module.networking.aws_vpc.vpc"
          ]
        }
      ]
    },
    {
      "module": "module.jenkins",
      "mode": "managed",
      "type": "aws_instance",
      "name": "jenkins_master",
      "provider": "provider[\"registry.terraform.io/hashicorp/aws\"]",
      "instances": [
        {
          "schema_version": 1,
          "attributes": {
            "ami": "ami-0022f774911c1d690",
            "arn": "arn:aws:ec2:us-east-1:583334342639:instance/i-02fab91b3d6cdf720",
            "associate_public_ip_address": true,
            "availability_zone": "us-east-1a",
            "capacity_reservation_specification": [
              {
                "capacity_reservation_preference": "open",
                "capacity_reservation_target": []
              }
            ],
            "cpu_core_count": 1,
            "cpu_threads_per_core": 1,
            "credit_specification": [
              {
                "cpu_credits": "standard"
              }
            ],
            "disable_api_termination": false,
            "ebs_block_device": [],
            "ebs_optimized": false,
            "enclave_options": [
              {
                "enabled": false
              }
            ],
            "ephemeral_block_device": [],
            "get_password_data": false,
            "hibernation": false,
            "host_id": null,
            "iam_instance_profile": "",
            "id": "i-02fab91b3d6cdf720",
            "instance_initiated_shutdown_behavior": "stop",
            "instance_state": "running",
            "instance_type": "t2.micro",
            "ipv6_address_count": 0,
            "ipv6_addresses": [],
            "key_name": "mtckey",
            "launch_template": [],
            "metadata_options": [
              {
                "http_endpoint": "enabled",
                "http_put_response_hop_limit": 1,
                "http_tokens": "optional",
                "instance_metadata_tags": "disabled"
              }
            ],
            "monitoring": false,
            "network_interface": [],
            "outpost_arn": "",
            "password_data": "",
            "placement_group": "",
            "placement_partition_number": null,
            "primary_network_interface_id": "eni-00e41f3026b129763",
            "private_dns": "ip-10-0-1-104.ec2.internal",
            "private_ip": "10.0.1.104",
            "public_dns": "ec2-3-85-2-43.compute-1.amazonaws.com",
            "public_ip": "3.85.2.43",
            "root_block_device": [
              {
                "delete_on_termination": true,
                "device_name": "/dev/xvda",
                "encrypted": false,
                "iops": 100,
                "kms_key_id": "",
                "tags": null,
                "throughput": 0,
                "volume_id": "vol-0ac1841029e00c471",
                "volume_size": 8,
                "volume_type": "gp2"
              }
            ],
            "secondary_private_ips": [],
            "security_groups": [],
            "source_dest_check": true,
            "subnet_id": "subnet-05d76696e24c4af1f",
            "tags": {
              "Name": "dev-jenkins_master"
            },
            "tags_all": {
              "Name": "dev-jenkins_master"
            },
            "tenancy": "default",
            "timeouts": null,
            "user_data": null,
            "user_data_base64": null,
            "volume_tags": null,
            "vpc_security_group_ids": [
              "sg-0a4babd8b01a35ede"
            ]
          },
          "sensitive_attributes": [],
          "private": "eyJlMmJmYjczMC1lY2FhLTExZTYtOGY4OC0zNDM2M2JjN2M0YzAiOnsiY3JlYXRlIjo2MDAwMDAwMDAwMDAsImRlbGV0ZSI6MTIwMDAwMDAwMDAwMCwidXBkYXRlIjo2MDAwMDAwMDAwMDB9LCJzY2hlbWFfdmVyc2lvbiI6IjEifQ==",
          "dependencies": [
            "module.auth.aws_key_pair.demo_auth",
            "module.jenkins.aws_security_group.jenkins_master_sg",
            "module.jenkins.data.aws_ami.server_ami",
            "module.networking.aws_subnet.public_subnet"
          ]
        }
      ]
    },
    {
      "module": "module.jenkins",
      "mode": "managed",
      "type": "aws_security_group",
      "name": "jenkins_agent_sg",
      "provider": "provider[\"registry.terraform.io/hashicorp/aws\"]",
      "instances": [
        {
          "schema_version": 1,
          "attributes": {
            "arn": "arn:aws:ec2:us-east-1:583334342639:security-group/sg-04937de06917b400b",
            "description": "Default security group to allow inbound/outbound to jenkins agents",
            "egress": [
              {
                "cidr_blocks": [
                  "0.0.0.0/0"
                ],
                "description": "",
                "from_port": 0,
                "ipv6_cidr_blocks": [],
                "prefix_list_ids": [],
                "protocol": "-1",
                "security_groups": [],
                "self": true,
                "to_port": 0
              }
            ],
            "id": "sg-04937de06917b400b",
            "ingress": [
              {
                "cidr_blocks": [
                  "77.125.159.57/32"
                ],
                "description": "",
                "from_port": 0,
                "ipv6_cidr_blocks": [],
                "prefix_list_ids": [],
                "protocol": "-1",
                "security_groups": [
                  "sg-0a4babd8b01a35ede"
                ],
                "self": true,
                "to_port": 0
              }
            ],
            "name": "dev_jenkins_agent_sg",
            "name_prefix": "",
            "owner_id": "583334342639",
            "revoke_rules_on_delete": false,
            "tags": {},
            "tags_all": {},
            "timeouts": null,
            "vpc_id": "vpc-0e8610a10c2aec97a"
          },
          "sensitive_attributes": [],
          "private": "eyJlMmJmYjczMC1lY2FhLTExZTYtOGY4OC0zNDM2M2JjN2M0YzAiOnsiY3JlYXRlIjo2MDAwMDAwMDAwMDAsImRlbGV0ZSI6OTAwMDAwMDAwMDAwfSwic2NoZW1hX3ZlcnNpb24iOiIxIn0=",
          "dependencies": [
            "module.jenkins.aws_security_group.jenkins_master_sg",
            "module.networking.aws_vpc.vpc"
          ]
        }
      ]
    },
    {
      "module": "module.jenkins",
      "mode": "managed",
      "type": "aws_security_group",
      "name": "jenkins_master_sg",
      "provider": "provider[\"registry.terraform.io/hashicorp/aws\"]",
      "instances": [
        {
          "schema_version": 1,
          "attributes": {
            "arn": "arn:aws:ec2:us-east-1:583334342639:security-group/sg-0a4babd8b01a35ede",
            "description": "Default security group to allow inbound/outbound from the VPC",
            "egress": [
              {
                "cidr_blocks": [
                  "0.0.0.0/0"
                ],
                "description": "",
                "from_port": 0,
                "ipv6_cidr_blocks": [],
                "prefix_list_ids": [],
                "protocol": "-1",
                "security_groups": [],
                "self": true,
                "to_port": 0
              }
            ],
            "id": "sg-0a4babd8b01a35ede",
            "ingress": [
              {
                "cidr_blocks": [
                  "77.125.159.57/32"
                ],
                "description": "",
                "from_port": 0,
                "ipv6_cidr_blocks": [],
                "prefix_list_ids": [],
                "protocol": "-1",
                "security_groups": [],
                "self": true,
                "to_port": 0
              }
            ],
            "name": "dev_jenkins_master_sg",
            "name_prefix": "",
            "owner_id": "583334342639",
            "revoke_rules_on_delete": false,
            "tags": {
              "Environment": "dev"
            },
            "tags_all": {
              "Environment": "dev"
            },
            "timeouts": null,
            "vpc_id": "vpc-0e8610a10c2aec97a"
          },
          "sensitive_attributes": [],
          "private": "eyJlMmJmYjczMC1lY2FhLTExZTYtOGY4OC0zNDM2M2JjN2M0YzAiOnsiY3JlYXRlIjo2MDAwMDAwMDAwMDAsImRlbGV0ZSI6OTAwMDAwMDAwMDAwfSwic2NoZW1hX3ZlcnNpb24iOiIxIn0=",
          "dependencies": [
            "module.networking.aws_vpc.vpc"
          ]
        }
      ]
    },
    {
      "module": "module.networking",
      "mode": "managed",
      "type": "aws_internet_gateway",
      "name": "ig",
      "provider": "provider[\"registry.terraform.io/hashicorp/aws\"]",
      "instances": [
        {
          "schema_version": 0,
          "attributes": {
            "arn": "arn:aws:ec2:us-east-1:583334342639:internet-gateway/igw-0ab1461eb9e8591c4",
            "id": "igw-0ab1461eb9e8591c4",
            "owner_id": "583334342639",
            "tags": {
              "Environment": "dev",
              "Name": "dev-igw"
            },
            "tags_all": {
              "Environment": "dev",
              "Name": "dev-igw"
            },
            "vpc_id": "vpc-0e8610a10c2aec97a"
          },
          "sensitive_attributes": [],
          "private": "bnVsbA==",
          "dependencies": [
            "module.networking.aws_vpc.vpc"
          ]
        }
      ]
    },
    {
      "module": "module.networking",
      "mode": "managed",
      "type": "aws_route",
      "name": "private_nat_gateway",
      "provider": "provider[\"registry.terraform.io/hashicorp/aws\"]",
      "instances": [
        {
          "schema_version": 0,
          "attributes": {
            "carrier_gateway_id": "",
            "destination_cidr_block": "0.0.0.0/0",
            "destination_ipv6_cidr_block": "",
            "destination_prefix_list_id": "",
            "egress_only_gateway_id": "",
            "gateway_id": "igw-0ab1461eb9e8591c4",
            "id": "r-rtb-0a2aac1d9433f7ec91080289494",
            "instance_id": "",
            "instance_owner_id": "",
            "local_gateway_id": "",
            "nat_gateway_id": "",
            "network_interface_id": "",
            "origin": "CreateRoute",
            "route_table_id": "rtb-0a2aac1d9433f7ec9",
            "state": "active",
            "timeouts": null,
            "transit_gateway_id": "",
            "vpc_endpoint_id": "",
            "vpc_peering_connection_id": ""
          },
          "sensitive_attributes": [],
          "private": "eyJlMmJmYjczMC1lY2FhLTExZTYtOGY4OC0zNDM2M2JjN2M0YzAiOnsiY3JlYXRlIjozMDAwMDAwMDAwMDAsImRlbGV0ZSI6MzAwMDAwMDAwMDAwLCJ1cGRhdGUiOjEyMDAwMDAwMDAwMH19",
          "dependencies": [
            "module.networking.aws_internet_gateway.ig",
            "module.networking.aws_route_table.private",
            "module.networking.aws_vpc.vpc"
          ]
        }
      ]
    },
    {
      "module": "module.networking",
      "mode": "managed",
      "type": "aws_route",
      "name": "public_internet_gateway",
      "provider": "provider[\"registry.terraform.io/hashicorp/aws\"]",
      "instances": [
        {
          "schema_version": 0,
          "attributes": {
            "carrier_gateway_id": "",
            "destination_cidr_block": "0.0.0.0/0",
            "destination_ipv6_cidr_block": "",
            "destination_prefix_list_id": "",
            "egress_only_gateway_id": "",
            "gateway_id": "igw-0ab1461eb9e8591c4",
            "id": "r-rtb-03f14d4acc109e7301080289494",
            "instance_id": "",
            "instance_owner_id": "",
            "local_gateway_id": "",
            "nat_gateway_id": "",
            "network_interface_id": "",
            "origin": "CreateRoute",
            "route_table_id": "rtb-03f14d4acc109e730",
            "state": "active",
            "timeouts": null,
            "transit_gateway_id": "",
            "vpc_endpoint_id": "",
            "vpc_peering_connection_id": ""
          },
          "sensitive_attributes": [],
          "private": "eyJlMmJmYjczMC1lY2FhLTExZTYtOGY4OC0zNDM2M2JjN2M0YzAiOnsiY3JlYXRlIjozMDAwMDAwMDAwMDAsImRlbGV0ZSI6MzAwMDAwMDAwMDAwLCJ1cGRhdGUiOjEyMDAwMDAwMDAwMH19",
          "dependencies": [
            "module.networking.aws_internet_gateway.ig",
            "module.networking.aws_route_table.public",
            "module.networking.aws_vpc.vpc"
          ]
        }
      ]
    },
    {
      "module": "module.networking",
      "mode": "managed",
      "type": "aws_route_table",
      "name": "private",
      "provider": "provider[\"registry.terraform.io/hashicorp/aws\"]",
      "instances": [
        {
          "schema_version": 0,
          "attributes": {
            "arn": "arn:aws:ec2:us-east-1:583334342639:route-table/rtb-0a2aac1d9433f7ec9",
            "id": "rtb-0a2aac1d9433f7ec9",
            "owner_id": "583334342639",
            "propagating_vgws": [],
            "route": [
              {
                "carrier_gateway_id": "",
                "cidr_block": "0.0.0.0/0",
                "destination_prefix_list_id": "",
                "egress_only_gateway_id": "",
                "gateway_id": "igw-0ab1461eb9e8591c4",
                "instance_id": "",
                "ipv6_cidr_block": "",
                "local_gateway_id": "",
                "nat_gateway_id": "",
                "network_interface_id": "",
                "transit_gateway_id": "",
                "vpc_endpoint_id": "",
                "vpc_peering_connection_id": ""
              }
            ],
            "tags": {
              "Environment": "dev",
              "Name": "dev-private-route-table"
            },
            "tags_all": {
              "Environment": "dev",
              "Name": "dev-private-route-table"
            },
            "timeouts": null,
            "vpc_id": "vpc-0e8610a10c2aec97a"
          },
          "sensitive_attributes": [],
          "private": "eyJlMmJmYjczMC1lY2FhLTExZTYtOGY4OC0zNDM2M2JjN2M0YzAiOnsiY3JlYXRlIjozMDAwMDAwMDAwMDAsImRlbGV0ZSI6MzAwMDAwMDAwMDAwLCJ1cGRhdGUiOjEyMDAwMDAwMDAwMH19",
          "dependencies": [
            "module.networking.aws_vpc.vpc"
          ]
        }
      ]
    },
    {
      "module": "module.networking",
      "mode": "managed",
      "type": "aws_route_table",
      "name": "public",
      "provider": "provider[\"registry.terraform.io/hashicorp/aws\"]",
      "instances": [
        {
          "schema_version": 0,
          "attributes": {
            "arn": "arn:aws:ec2:us-east-1:583334342639:route-table/rtb-03f14d4acc109e730",
            "id": "rtb-03f14d4acc109e730",
            "owner_id": "583334342639",
            "propagating_vgws": [],
            "route": [
              {
                "carrier_gateway_id": "",
                "cidr_block": "0.0.0.0/0",
                "destination_prefix_list_id": "",
                "egress_only_gateway_id": "",
                "gateway_id": "igw-0ab1461eb9e8591c4",
                "instance_id": "",
                "ipv6_cidr_block": "",
                "local_gateway_id": "",
                "nat_gateway_id": "",
                "network_interface_id": "",
                "transit_gateway_id": "",
                "vpc_endpoint_id": "",
                "vpc_peering_connection_id": ""
              }
            ],
            "tags": {
              "Environment": "dev",
              "Name": "dev-public-route-table"
            },
            "tags_all": {
              "Environment": "dev",
              "Name": "dev-public-route-table"
            },
            "timeouts": null,
            "vpc_id": "vpc-0e8610a10c2aec97a"
          },
          "sensitive_attributes": [],
          "private": "eyJlMmJmYjczMC1lY2FhLTExZTYtOGY4OC0zNDM2M2JjN2M0YzAiOnsiY3JlYXRlIjozMDAwMDAwMDAwMDAsImRlbGV0ZSI6MzAwMDAwMDAwMDAwLCJ1cGRhdGUiOjEyMDAwMDAwMDAwMH19",
          "dependencies": [
            "module.networking.aws_vpc.vpc"
          ]
        }
      ]
    },
    {
      "module": "module.networking",
      "mode": "managed",
      "type": "aws_route_table_association",
      "name": "private",
      "provider": "provider[\"registry.terraform.io/hashicorp/aws\"]",
      "instances": [
        {
          "index_key": 0,
          "schema_version": 0,
          "attributes": {
            "gateway_id": "",
            "id": "rtbassoc-02960440a2ab5404a",
            "route_table_id": "rtb-0a2aac1d9433f7ec9",
            "subnet_id": "subnet-0f88086ec835bc21b"
          },
          "sensitive_attributes": [],
          "private": "bnVsbA==",
          "dependencies": [
            "module.networking.aws_route_table.private",
            "module.networking.aws_subnet.private_subnet",
            "module.networking.aws_vpc.vpc"
          ]
        }
      ]
    },
    {
      "module": "module.networking",
      "mode": "managed",
      "type": "aws_route_table_association",
      "name": "public",
      "provider": "provider[\"registry.terraform.io/hashicorp/aws\"]",
      "instances": [
        {
          "index_key": 0,
          "schema_version": 0,
          "attributes": {
            "gateway_id": "",
            "id": "rtbassoc-06070818b0dc538bd",
            "route_table_id": "rtb-03f14d4acc109e730",
            "subnet_id": "subnet-05d76696e24c4af1f"
          },
          "sensitive_attributes": [],
          "private": "bnVsbA==",
          "dependencies": [
            "module.networking.aws_route_table.public",
            "module.networking.aws_subnet.public_subnet",
            "module.networking.aws_vpc.vpc"
          ]
        }
      ]
    },
    {
      "module": "module.networking",
      "mode": "managed",
      "type": "aws_subnet",
      "name": "private_subnet",
      "provider": "provider[\"registry.terraform.io/hashicorp/aws\"]",
      "instances": [
        {
          "index_key": 0,
          "schema_version": 1,
          "attributes": {
            "arn": "arn:aws:ec2:us-east-1:583334342639:subnet/subnet-0f88086ec835bc21b",
            "assign_ipv6_address_on_creation": false,
            "availability_zone": "us-east-1a",
            "availability_zone_id": "use1-az4",
            "cidr_block": "10.0.10.0/24",
            "customer_owned_ipv4_pool": "",
            "enable_dns64": false,
            "enable_resource_name_dns_a_record_on_launch": false,
            "enable_resource_name_dns_aaaa_record_on_launch": false,
            "id": "subnet-0f88086ec835bc21b",
            "ipv6_cidr_block": "",
            "ipv6_cidr_block_association_id": "",
            "ipv6_native": false,
            "map_customer_owned_ip_on_launch": false,
            "map_public_ip_on_launch": false,
            "outpost_arn": "",
            "owner_id": "583334342639",
            "private_dns_hostname_type_on_launch": "ip-name",
            "tags": {
              "Environment": "dev",
              "Name": "dev-us-east-1a-private-subnet"
            },
            "tags_all": {
              "Environment": "dev",
              "Name": "dev-us-east-1a-private-subnet"
            },
            "timeouts": null,
            "vpc_id": "vpc-0e8610a10c2aec97a"
          },
          "sensitive_attributes": [],
          "private": "eyJlMmJmYjczMC1lY2FhLTExZTYtOGY4OC0zNDM2M2JjN2M0YzAiOnsiY3JlYXRlIjo2MDAwMDAwMDAwMDAsImRlbGV0ZSI6MTIwMDAwMDAwMDAwMH0sInNjaGVtYV92ZXJzaW9uIjoiMSJ9",
          "dependencies": [
            "module.networking.aws_vpc.vpc"
          ]
        }
      ]
    },
    {
      "module": "module.networking",
      "mode": "managed",
      "type": "aws_subnet",
      "name": "public_subnet",
      "provider": "provider[\"registry.terraform.io/hashicorp/aws\"]",
      "instances": [
        {
          "index_key": 0,
          "schema_version": 1,
          "attributes": {
            "arn": "arn:aws:ec2:us-east-1:583334342639:subnet/subnet-05d76696e24c4af1f",
            "assign_ipv6_address_on_creation": false,
            "availability_zone": "us-east-1a",
            "availability_zone_id": "use1-az4",
            "cidr_block": "10.0.1.0/24",
            "customer_owned_ipv4_pool": "",
            "enable_dns64": false,
            "enable_resource_name_dns_a_record_on_launch": false,
            "enable_resource_name_dns_aaaa_record_on_launch": false,
            "id": "subnet-05d76696e24c4af1f",
            "ipv6_cidr_block": "",
            "ipv6_cidr_block_association_id": "",
            "ipv6_native": false,
            "map_customer_owned_ip_on_launch": false,
            "map_public_ip_on_launch": true,
            "outpost_arn": "",
            "owner_id": "583334342639",
            "private_dns_hostname_type_on_launch": "ip-name",
            "tags": {
              "Environment": "dev",
              "Name": "dev-us-east-1a-public-subnet"
            },
            "tags_all": {
              "Environment": "dev",
              "Name": "dev-us-east-1a-public-subnet"
            },
            "timeouts": null,
            "vpc_id": "vpc-0e8610a10c2aec97a"
          },
          "sensitive_attributes": [],
          "private": "eyJlMmJmYjczMC1lY2FhLTExZTYtOGY4OC0zNDM2M2JjN2M0YzAiOnsiY3JlYXRlIjo2MDAwMDAwMDAwMDAsImRlbGV0ZSI6MTIwMDAwMDAwMDAwMH0sInNjaGVtYV92ZXJzaW9uIjoiMSJ9",
          "dependencies": [
            "module.networking.aws_vpc.vpc"
          ]
        }
      ]
    },
    {
      "module": "module.networking",
      "mode": "managed",
      "type": "aws_vpc",
      "name": "vpc",
      "provider": "provider[\"registry.terraform.io/hashicorp/aws\"]",
      "instances": [
        {
          "schema_version": 1,
          "attributes": {
            "arn": "arn:aws:ec2:us-east-1:583334342639:vpc/vpc-0e8610a10c2aec97a",
            "assign_generated_ipv6_cidr_block": false,
            "cidr_block": "10.0.0.0/16",
            "default_network_acl_id": "acl-051747ae0b795cdb5",
            "default_route_table_id": "rtb-063f4850725e96c5d",
            "default_security_group_id": "sg-0078e3e8c9d2081b5",
            "dhcp_options_id": "dopt-073d515c904e5711e",
            "enable_classiclink": false,
            "enable_classiclink_dns_support": false,
            "enable_dns_hostnames": true,
            "enable_dns_support": true,
            "id": "vpc-0e8610a10c2aec97a",
            "instance_tenancy": "default",
            "ipv4_ipam_pool_id": null,
            "ipv4_netmask_length": null,
            "ipv6_association_id": "",
            "ipv6_cidr_block": "",
            "ipv6_cidr_block_network_border_group": "",
            "ipv6_ipam_pool_id": "",
            "ipv6_netmask_length": 0,
            "main_route_table_id": "rtb-063f4850725e96c5d",
            "owner_id": "583334342639",
            "tags": {
              "Environment": "dev",
              "Name": "dev-vpc"
            },
            "tags_all": {
              "Environment": "dev",
              "Name": "dev-vpc"
            }
          },
          "sensitive_attributes": [],
          "private": "eyJzY2hlbWFfdmVyc2lvbiI6IjEifQ=="
        }
      ]
    }
  ]
}
